
Microsoft Visual Studio Solution File, Format Version 12.00
# Visual Studio Version 16
VisualStudioVersion = 25.0.1704.3
MinimumVisualStudioVersion = 10.0.40219.1
Project("{FAE04EC0-301F-11D3-BF4B-00C04F79EFBC}") = "PersonalPage", "PersonalPage\PersonalPage.csproj", "{581CE34A-B5AA-497B-804E-FAF4AD836C51}"
EndProject
Global
	GlobalSection(SolutionConfigurationPlatforms) = preSolution
		Debug|Any CPU = Debug|Any CPU
		Release|Any CPU = Release|Any CPU
	EndGlobalSection
	GlobalSection(ProjectConfigurationPlatforms) = postSolution
		{581CE34A-B5AA-497B-804E-FAF4AD836C51}.Debug|Any CPU.ActiveCfg = Debug|Any CPU
		{581CE34A-B5AA-497B-804E-FAF4AD836C51}.Debug|Any CPU.Build.0 = Debug|Any CPU
		{581CE34A-B5AA-497B-804E-FAF4AD836C51}.Release|Any CPU.ActiveCfg = Release|Any CPU
		{581CE34A-B5AA-497B-804E-FAF4AD836C51}.Release|Any CPU.Build.0 = Release|Any CPU
	EndGlobalSection
	GlobalSection(SolutionProperties) = preSolution
		HideSolutionNode = FALSE
	EndGlobalSection
	GlobalSection(ExtensibilityGlobals) = postSolution
		SolutionGuid = {06FC46E2-C761-425A-BC8C-50DDD1FEDED5}
	EndGlobalSection
EndGlobal
